
Microsoft Visual Studio Solution File, Format Version 12.00
Project("{2150E333-8FDC-42A3-9474-1A3956D46DE8}") = "src", "src", "{DC3C5D17-6EFE-432E-A014-400869317D0E}"
EndProject
Project("{2150E333-8FDC-42A3-9474-1A3956D46DE8}") = "tests", "tests", "{5C6A6EC8-D0A9-4E0C-8762-4D68E25ADF3F}"
EndProject
Project("{2150E333-8FDC-42A3-9474-1A3956D46DE8}") = "Core", "Core", "{3DC69F8F-6EC4-4F77-8293-95A7975592FD}"
EndProject
Project("{2150E333-8FDC-42A3-9474-1A3956D46DE8}") = "Infrastructure", "Infrastructure", "{C7E275DA-21F7-4A61-8D54-870B3A72EBBB}"
EndProject
Project("{2150E333-8FDC-42A3-9474-1A3956D46DE8}") = "API", "API", "{E150050B-CC8E-4764-8BF8-C09F3FE17F7D}"
EndProject
Project("{FAE04EC0-301F-11D3-BF4B-00C04F79EFBC}") = "FootballManager.Domain", "FootballManager.Domain\FootballManager.Domain.csproj", "{9D9AD34B-7EE8-4B44-B86D-5710D84768A2}"
EndProject
Project("{FAE04EC0-301F-11D3-BF4B-00C04F79EFBC}") = "FootballManager.Application", "FootballManager.Application\FootballManager.Application.csproj", "{62A965C5-8462-4593-8581-489C005AD3A5}"
EndProject
Project("{FAE04EC0-301F-11D3-BF4B-00C04F79EFBC}") = "FootballManager.Persistence", "FootballManager.Persistence\FootballManager.Persistence.csproj", "{13BCE24A-9F29-4C49-A7EA-12358B738CF0}"
EndProject
Project("{FAE04EC0-301F-11D3-BF4B-00C04F79EFBC}") = "FootballManager.Infrastructure", "FootballManager.Infrastructure\FootballManager.Infrastructure.csproj", "{F1A3F171-E3A8-4EC5-B0A5-2762EA561AF8}"
EndProject
Project("{FAE04EC0-301F-11D3-BF4B-00C04F79EFBC}") = "FootballManager.API", "FootballManager.API\FootballManager.API.csproj", "{B14C3A46-75DF-400C-B4BD-6708E6230EA6}"
EndProject
Project("{FAE04EC0-301F-11D3-BF4B-00C04F79EFBC}") = "FootballManager.Application.UnitTests", "FootballManager.Application.UnitTests\FootballManager.Application.UnitTests.csproj", "{9D0B111D-9EB7-402A-88DB-99A651141741}"
EndProject
Project("{FAE04EC0-301F-11D3-BF4B-00C04F79EFBC}") = "FootballManager.Persistence.IntegrationTests", "FootballManager.Persistence.IntegrationTests\FootballManager.Persistence.IntegrationTests.csproj", "{B974694D-A36E-4B9F-A5E4-3A5566013A1F}"
EndProject
Project("{FAE04EC0-301F-11D3-BF4B-00C04F79EFBC}") = "FootballManager.Identity", "FootballManager.Identity\FootballManager.Identity.csproj", "{1907389F-2F80-4155-B3A8-AF6158B2BDCB}"
EndProject
Project("{2150E333-8FDC-42A3-9474-1A3956D46DE8}") = "gateway", "gateway", "{A4767440-B814-4036-B605-220C686F5CCD}"
EndProject
Project("{FAE04EC0-301F-11D3-BF4B-00C04F79EFBC}") = "YARP.LoadBalancer", "YARP.LoadBalancer\YARP.LoadBalancer.csproj", "{D2247348-B998-45FD-92BA-2E00729197F0}"
EndProject
Global
	GlobalSection(SolutionConfigurationPlatforms) = preSolution
		Debug|Any CPU = Debug|Any CPU
		Release|Any CPU = Release|Any CPU
	EndGlobalSection
	GlobalSection(NestedProjects) = preSolution
		{3DC69F8F-6EC4-4F77-8293-95A7975592FD} = {DC3C5D17-6EFE-432E-A014-400869317D0E}
		{C7E275DA-21F7-4A61-8D54-870B3A72EBBB} = {DC3C5D17-6EFE-432E-A014-400869317D0E}
		{E150050B-CC8E-4764-8BF8-C09F3FE17F7D} = {DC3C5D17-6EFE-432E-A014-400869317D0E}
		{9D9AD34B-7EE8-4B44-B86D-5710D84768A2} = {3DC69F8F-6EC4-4F77-8293-95A7975592FD}
		{62A965C5-8462-4593-8581-489C005AD3A5} = {3DC69F8F-6EC4-4F77-8293-95A7975592FD}
		{13BCE24A-9F29-4C49-A7EA-12358B738CF0} = {C7E275DA-21F7-4A61-8D54-870B3A72EBBB}
		{F1A3F171-E3A8-4EC5-B0A5-2762EA561AF8} = {C7E275DA-21F7-4A61-8D54-870B3A72EBBB}
		{B14C3A46-75DF-400C-B4BD-6708E6230EA6} = {E150050B-CC8E-4764-8BF8-C09F3FE17F7D}
		{9D0B111D-9EB7-402A-88DB-99A651141741} = {5C6A6EC8-D0A9-4E0C-8762-4D68E25ADF3F}
		{B974694D-A36E-4B9F-A5E4-3A5566013A1F} = {5C6A6EC8-D0A9-4E0C-8762-4D68E25ADF3F}
		{1907389F-2F80-4155-B3A8-AF6158B2BDCB} = {C7E275DA-21F7-4A61-8D54-870B3A72EBBB}
		{D2247348-B998-45FD-92BA-2E00729197F0} = {A4767440-B814-4036-B605-220C686F5CCD}
	EndGlobalSection
	GlobalSection(ProjectConfigurationPlatforms) = postSolution
		{9D9AD34B-7EE8-4B44-B86D-5710D84768A2}.Debug|Any CPU.ActiveCfg = Debug|Any CPU
		{9D9AD34B-7EE8-4B44-B86D-5710D84768A2}.Debug|Any CPU.Build.0 = Debug|Any CPU
		{9D9AD34B-7EE8-4B44-B86D-5710D84768A2}.Release|Any CPU.ActiveCfg = Release|Any CPU
		{9D9AD34B-7EE8-4B44-B86D-5710D84768A2}.Release|Any CPU.Build.0 = Release|Any CPU
		{62A965C5-8462-4593-8581-489C005AD3A5}.Debug|Any CPU.ActiveCfg = Debug|Any CPU
		{62A965C5-8462-4593-8581-489C005AD3A5}.Debug|Any CPU.Build.0 = Debug|Any CPU
		{62A965C5-8462-4593-8581-489C005AD3A5}.Release|Any CPU.ActiveCfg = Release|Any CPU
		{62A965C5-8462-4593-8581-489C005AD3A5}.Release|Any CPU.Build.0 = Release|Any CPU
		{13BCE24A-9F29-4C49-A7EA-12358B738CF0}.Debug|Any CPU.ActiveCfg = Debug|Any CPU
		{13BCE24A-9F29-4C49-A7EA-12358B738CF0}.Debug|Any CPU.Build.0 = Debug|Any CPU
		{13BCE24A-9F29-4C49-A7EA-12358B738CF0}.Release|Any CPU.ActiveCfg = Release|Any CPU
		{13BCE24A-9F29-4C49-A7EA-12358B738CF0}.Release|Any CPU.Build.0 = Release|Any CPU
		{F1A3F171-E3A8-4EC5-B0A5-2762EA561AF8}.Debug|Any CPU.ActiveCfg = Debug|Any CPU
		{F1A3F171-E3A8-4EC5-B0A5-2762EA561AF8}.Debug|Any CPU.Build.0 = Debug|Any CPU
		{F1A3F171-E3A8-4EC5-B0A5-2762EA561AF8}.Release|Any CPU.ActiveCfg = Release|Any CPU
		{F1A3F171-E3A8-4EC5-B0A5-2762EA561AF8}.Release|Any CPU.Build.0 = Release|Any CPU
		{B14C3A46-75DF-400C-B4BD-6708E6230EA6}.Debug|Any CPU.ActiveCfg = Debug|Any CPU
		{B14C3A46-75DF-400C-B4BD-6708E6230EA6}.Debug|Any CPU.Build.0 = Debug|Any CPU
		{B14C3A46-75DF-400C-B4BD-6708E6230EA6}.Release|Any CPU.ActiveCfg = Release|Any CPU
		{B14C3A46-75DF-400C-B4BD-6708E6230EA6}.Release|Any CPU.Build.0 = Release|Any CPU
		{9D0B111D-9EB7-402A-88DB-99A651141741}.Debug|Any CPU.ActiveCfg = Debug|Any CPU
		{9D0B111D-9EB7-402A-88DB-99A651141741}.Debug|Any CPU.Build.0 = Debug|Any CPU
		{9D0B111D-9EB7-402A-88DB-99A651141741}.Release|Any CPU.ActiveCfg = Release|Any CPU
		{9D0B111D-9EB7-402A-88DB-99A651141741}.Release|Any CPU.Build.0 = Release|Any CPU
		{B974694D-A36E-4B9F-A5E4-3A5566013A1F}.Debug|Any CPU.ActiveCfg = Debug|Any CPU
		{B974694D-A36E-4B9F-A5E4-3A5566013A1F}.Debug|Any CPU.Build.0 = Debug|Any CPU
		{B974694D-A36E-4B9F-A5E4-3A5566013A1F}.Release|Any CPU.ActiveCfg = Release|Any CPU
		{B974694D-A36E-4B9F-A5E4-3A5566013A1F}.Release|Any CPU.Build.0 = Release|Any CPU
		{1907389F-2F80-4155-B3A8-AF6158B2BDCB}.Debug|Any CPU.ActiveCfg = Debug|Any CPU
		{1907389F-2F80-4155-B3A8-AF6158B2BDCB}.Debug|Any CPU.Build.0 = Debug|Any CPU
		{1907389F-2F80-4155-B3A8-AF6158B2BDCB}.Release|Any CPU.ActiveCfg = Release|Any CPU
		{1907389F-2F80-4155-B3A8-AF6158B2BDCB}.Release|Any CPU.Build.0 = Release|Any CPU
		{D2247348-B998-45FD-92BA-2E00729197F0}.Debug|Any CPU.ActiveCfg = Debug|Any CPU
		{D2247348-B998-45FD-92BA-2E00729197F0}.Debug|Any CPU.Build.0 = Debug|Any CPU
		{D2247348-B998-45FD-92BA-2E00729197F0}.Release|Any CPU.ActiveCfg = Release|Any CPU
		{D2247348-B998-45FD-92BA-2E00729197F0}.Release|Any CPU.Build.0 = Release|Any CPU
	EndGlobalSection
EndGlobal
